
Microsoft Visual Studio Solution File, Format Version 12.00
Project("{FAE04EC0-301F-11D3-BF4B-00C04F79EFBC}") = "Kino", "Kino\Kino.csproj", "{C2BF931B-1AC8-4CF6-939B-18C51A079764}"
EndProject
Global
	GlobalSection(SolutionConfigurationPlatforms) = preSolution
		Debug|Any CPU = Debug|Any CPU
		Release|Any CPU = Release|Any CPU
	EndGlobalSection
	GlobalSection(ProjectConfigurationPlatforms) = postSolution
		{C2BF931B-1AC8-4CF6-939B-18C51A079764}.Debug|Any CPU.ActiveCfg = Debug|Any CPU
		{C2BF931B-1AC8-4CF6-939B-18C51A079764}.Debug|Any CPU.Build.0 = Debug|Any CPU
		{C2BF931B-1AC8-4CF6-939B-18C51A079764}.Release|Any CPU.ActiveCfg = Release|Any CPU
		{C2BF931B-1AC8-4CF6-939B-18C51A079764}.Release|Any CPU.Build.0 = Release|Any CPU
	EndGlobalSection
EndGlobal
